
Microsoft Visual Studio Solution File, Format Version 12.00
# Visual Studio Version 17
VisualStudioVersion = 17.12.35707.178 d17.12
MinimumVisualStudioVersion = 10.0.40219.1
Project("{FAE04EC0-301F-11D3-BF4B-00C04F79EFBC}") = "H5-Hashing", "H5-Hashing\H5-Hashing.csproj", "{BC59F6FC-7055-4BA9-AE9E-28987A82EBF9}"
EndProject
Project("{FAE04EC0-301F-11D3-BF4B-00C04F79EFBC}") = "H5-HashingUnitTest", "H5-HashingUnitTest\H5-HashingUnitTest.csproj", "{BF8EDA26-3D03-4CD1-868D-EF98AD7F08C2}"
EndProject
Global
	GlobalSection(SolutionConfigurationPlatforms) = preSolution
		Debug|Any CPU = Debug|Any CPU
		Release|Any CPU = Release|Any CPU
	EndGlobalSection
	GlobalSection(ProjectConfigurationPlatforms) = postSolution
		{BC59F6FC-7055-4BA9-AE9E-28987A82EBF9}.Debug|Any CPU.ActiveCfg = Debug|Any CPU
		{BC59F6FC-7055-4BA9-AE9E-28987A82EBF9}.Debug|Any CPU.Build.0 = Debug|Any CPU
		{BC59F6FC-7055-4BA9-AE9E-28987A82EBF9}.Release|Any CPU.ActiveCfg = Release|Any CPU
		{BC59F6FC-7055-4BA9-AE9E-28987A82EBF9}.Release|Any CPU.Build.0 = Release|Any CPU
		{BF8EDA26-3D03-4CD1-868D-EF98AD7F08C2}.Debug|Any CPU.ActiveCfg = Debug|Any CPU
		{BF8EDA26-3D03-4CD1-868D-EF98AD7F08C2}.Debug|Any CPU.Build.0 = Debug|Any CPU
		{BF8EDA26-3D03-4CD1-868D-EF98AD7F08C2}.Release|Any CPU.ActiveCfg = Release|Any CPU
		{BF8EDA26-3D03-4CD1-868D-EF98AD7F08C2}.Release|Any CPU.Build.0 = Release|Any CPU
	EndGlobalSection
	GlobalSection(SolutionProperties) = preSolution
		HideSolutionNode = FALSE
	EndGlobalSection
EndGlobal
